// !$*UTF8*$!
{
	archiveVersion = 1;
	classes = {
	};
	objectVersion = 48;
	objects = {

/* Begin PBXBuildFile section */
		2F1FF57420617FBA00E4F64B /* AppDelegate.swift in Sources */ = {isa = PBXBuildFile; fileRef = 2F1FF57320617FBA00E4F64B /* AppDelegate.swift */; };
		2F1FF57620617FBA00E4F64B /* ViewController.swift in Sources */ = {isa = PBXBuildFile; fileRef = 2F1FF57520617FBA00E4F64B /* ViewController.swift */; };
		2F1FF57920617FBA00E4F64B /* Main.storyboard in Resources */ = {isa = PBXBuildFile; fileRef = 2F1FF57720617FBA00E4F64B /* Main.storyboard */; };
		2F1FF57B20617FBA00E4F64B /* Assets.xcassets in Resources */ = {isa = PBXBuildFile; fileRef = 2F1FF57A20617FBA00E4F64B /* Assets.xcassets */; };
		2F1FF57E20617FBA00E4F64B /* LaunchScreen.storyboard in Resources */ = {isa = PBXBuildFile; fileRef = 2F1FF57C20617FBA00E4F64B /* LaunchScreen.storyboard */; };
		2F1FF58920617FBA00E4F64B /* ObservationsTests.swift in Sources */ = {isa = PBXBuildFile; fileRef = 2F1FF58820617FBA00E4F64B /* ObservationsTests.swift */; };
		2F1FF59420617FBA00E4F64B /* ObservationsUITests.swift in Sources */ = {isa = PBXBuildFile; fileRef = 2F1FF59320617FBA00E4F64B /* ObservationsUITests.swift */; };
		2F1FF5A22061849800E4F64B /* TableViewController.swift in Sources */ = {isa = PBXBuildFile; fileRef = 2F1FF5A12061849800E4F64B /* TableViewController.swift */; };
/* End PBXBuildFile section */

/* Begin PBXContainerItemProxy section */
		2F1FF58520617FBA00E4F64B /* PBXContainerItemProxy */ = {
			isa = PBXContainerItemProxy;
			containerPortal = 2F1FF56820617FBA00E4F64B /* Project object */;
			proxyType = 1;
			remoteGlobalIDString = 2F1FF56F20617FBA00E4F64B;
			remoteInfo = Observations;
		};
		2F1FF59020617FBA00E4F64B /* PBXContainerItemProxy */ = {
			isa = PBXContainerItemProxy;
			containerPortal = 2F1FF56820617FBA00E4F64B /* Project object */;
			proxyType = 1;
			remoteGlobalIDString = 2F1FF56F20617FBA00E4F64B;
			remoteInfo = Observations;
		};
/* End PBXContainerItemProxy section */

/* Begin PBXFileReference section */
		2F1FF57020617FBA00E4F64B /* Observations.app */ = {isa = PBXFileReference; explicitFileType = wrapper.application; includeInIndex = 0; path = Observations.app; sourceTree = BUILT_PRODUCTS_DIR; };
		2F1FF57320617FBA00E4F64B /* AppDelegate.swift */ = {isa = PBXFileReference; lastKnownFileType = sourcecode.swift; path = AppDelegate.swift; sourceTree = "<group>"; };
		2F1FF57520617FBA00E4F64B /* ViewController.swift */ = {isa = PBXFileReference; lastKnownFileType = sourcecode.swift; path = ViewController.swift; sourceTree = "<group>"; };
		2F1FF57820617FBA00E4F64B /* Base */ = {isa = PBXFileReference; lastKnownFileType = file.storyboard; name = Base; path = Base.lproj/Main.storyboard; sourceTree = "<group>"; };
		2F1FF57A20617FBA00E4F64B /* Assets.xcassets */ = {isa = PBXFileReference; lastKnownFileType = folder.assetcatalog; path = Assets.xcassets; sourceTree = "<group>"; };
		2F1FF57D20617FBA00E4F64B /* Base */ = {isa = PBXFileReference; lastKnownFileType = file.storyboard; name = Base; path = Base.lproj/LaunchScreen.storyboard; sourceTree = "<group>"; };
		2F1FF57F20617FBA00E4F64B /* Info.plist */ = {isa = PBXFileReference; lastKnownFileType = text.plist.xml; path = Info.plist; sourceTree = "<group>"; };
		2F1FF58420617FBA00E4F64B /* ObservationsTests.xctest */ = {isa = PBXFileReference; explicitFileType = wrapper.cfbundle; includeInIndex = 0; path = ObservationsTests.xctest; sourceTree = BUILT_PRODUCTS_DIR; };
		2F1FF58820617FBA00E4F64B /* ObservationsTests.swift */ = {isa = PBXFileReference; lastKnownFileType = sourcecode.swift; path = ObservationsTests.swift; sourceTree = "<group>"; };
		2F1FF58A20617FBA00E4F64B /* Info.plist */ = {isa = PBXFileReference; lastKnownFileType = text.plist.xml; path = Info.plist; sourceTree = "<group>"; };
		2F1FF58F20617FBA00E4F64B /* ObservationsUITests.xctest */ = {isa = PBXFileReference; explicitFileType = wrapper.cfbundle; includeInIndex = 0; path = ObservationsUITests.xctest; sourceTree = BUILT_PRODUCTS_DIR; };
		2F1FF59320617FBA00E4F64B /* ObservationsUITests.swift */ = {isa = PBXFileReference; lastKnownFileType = sourcecode.swift; path = ObservationsUITests.swift; sourceTree = "<group>"; };
		2F1FF59520617FBA00E4F64B /* Info.plist */ = {isa = PBXFileReference; lastKnownFileType = text.plist.xml; path = Info.plist; sourceTree = "<group>"; };
		2F1FF5A12061849800E4F64B /* TableViewController.swift */ = {isa = PBXFileReference; lastKnownFileType = sourcecode.swift; path = TableViewController.swift; sourceTree = "<group>"; };
/* End PBXFileReference section */

/* Begin PBXFrameworksBuildPhase section */
		2F1FF56D20617FBA00E4F64B /* Frameworks */ = {
			isa = PBXFrameworksBuildPhase;
			buildActionMask = 2147483647;
			files = (
			);
			runOnlyForDeploymentPostprocessing = 0;
		};
		2F1FF58120617FBA00E4F64B /* Frameworks */ = {
			isa = PBXFrameworksBuildPhase;
			buildActionMask = 2147483647;
			files = (
			);
			runOnlyForDeploymentPostprocessing = 0;
		};
		2F1FF58C20617FBA00E4F64B /* Frameworks */ = {
			isa = PBXFrameworksBuildPhase;
			buildActionMask = 2147483647;
			files = (
			);
			runOnlyForDeploymentPostprocessing = 0;
		};
/* End PBXFrameworksBuildPhase section */

/* Begin PBXGroup section */
		2F1FF56720617FBA00E4F64B = {
			isa = PBXGroup;
			children = (
				2F1FF57220617FBA00E4F64B /* Observations */,
				2F1FF58720617FBA00E4F64B /* ObservationsTests */,
				2F1FF59220617FBA00E4F64B /* ObservationsUITests */,
				2F1FF57120617FBA00E4F64B /* Products */,
			);
			sourceTree = "<group>";
		};
		2F1FF57120617FBA00E4F64B /* Products */ = {
			isa = PBXGroup;
			children = (
				2F1FF57020617FBA00E4F64B /* Observations.app */,
				2F1FF58420617FBA00E4F64B /* ObservationsTests.xctest */,
				2F1FF58F20617FBA00E4F64B /* ObservationsUITests.xctest */,
			);
			name = Products;
			sourceTree = "<group>";
		};
		2F1FF57220617FBA00E4F64B /* Observations */ = {
			isa = PBXGroup;
			children = (
				2F1FF57320617FBA00E4F64B /* AppDelegate.swift */,
				2F1FF57520617FBA00E4F64B /* ViewController.swift */,
				2F1FF5A12061849800E4F64B /* TableViewController.swift */,
				2F1FF57720617FBA00E4F64B /* Main.storyboard */,
				2F1FF57A20617FBA00E4F64B /* Assets.xcassets */,
				2F1FF57C20617FBA00E4F64B /* LaunchScreen.storyboard */,
				2F1FF57F20617FBA00E4F64B /* Info.plist */,
			);
			path = Observations;
			sourceTree = "<group>";
		};
		2F1FF58720617FBA00E4F64B /* ObservationsTests */ = {
			isa = PBXGroup;
			children = (
				2F1FF58820617FBA00E4F64B /* ObservationsTests.swift */,
				2F1FF58A20617FBA00E4F64B /* Info.plist */,
			);
			path = ObservationsTests;
			sourceTree = "<group>";
		};
		2F1FF59220617FBA00E4F64B /* ObservationsUITests */ = {
			isa = PBXGroup;
			children = (
				2F1FF59320617FBA00E4F64B /* ObservationsUITests.swift */,
				2F1FF59520617FBA00E4F64B /* Info.plist */,
			);
			path = ObservationsUITests;
			sourceTree = "<group>";
		};
/* End PBXGroup section */

/* Begin PBXNativeTarget section */
		2F1FF56F20617FBA00E4F64B /* Observations */ = {
			isa = PBXNativeTarget;
			buildConfigurationList = 2F1FF59820617FBA00E4F64B /* Build configuration list for PBXNativeTarget "Observations" */;
			buildPhases = (
				2F1FF56C20617FBA00E4F64B /* Sources */,
				2F1FF56D20617FBA00E4F64B /* Frameworks */,
				2F1FF56E20617FBA00E4F64B /* Resources */,
			);
			buildRules = (
			);
			dependencies = (
			);
			name = Observations;
			productName = Observations;
			productReference = 2F1FF57020617FBA00E4F64B /* Observations.app */;
			productType = "com.apple.product-type.application";
		};
		2F1FF58320617FBA00E4F64B /* ObservationsTests */ = {
			isa = PBXNativeTarget;
			buildConfigurationList = 2F1FF59B20617FBA00E4F64B /* Build configuration list for PBXNativeTarget "ObservationsTests" */;
			buildPhases = (
				2F1FF58020617FBA00E4F64B /* Sources */,
				2F1FF58120617FBA00E4F64B /* Frameworks */,
				2F1FF58220617FBA00E4F64B /* Resources */,
			);
			buildRules = (
			);
			dependencies = (
				2F1FF58620617FBA00E4F64B /* PBXTargetDependency */,
			);
			name = ObservationsTests;
			productName = ObservationsTests;
			productReference = 2F1FF58420617FBA00E4F64B /* ObservationsTests.xctest */;
			productType = "com.apple.product-type.bundle.unit-test";
		};
		2F1FF58E20617FBA00E4F64B /* ObservationsUITests */ = {
			isa = PBXNativeTarget;
			buildConfigurationList = 2F1FF59E20617FBA00E4F64B /* Build configuration list for PBXNativeTarget "ObservationsUITests" */;
			buildPhases = (
				2F1FF58B20617FBA00E4F64B /* Sources */,
				2F1FF58C20617FBA00E4F64B /* Frameworks */,
				2F1FF58D20617FBA00E4F64B /* Resources */,
			);
			buildRules = (
			);
			dependencies = (
				2F1FF59120617FBA00E4F64B /* PBXTargetDependency */,
			);
			name = ObservationsUITests;
			productName = ObservationsUITests;
			productReference = 2F1FF58F20617FBA00E4F64B /* ObservationsUITests.xctest */;
			productType = "com.apple.product-type.bundle.ui-testing";
		};
/* End PBXNativeTarget section */

/* Begin PBXProject section */
		2F1FF56820617FBA00E4F64B /* Project object */ = {
			isa = PBXProject;
			attributes = {
				LastSwiftUpdateCheck = 0920;
				LastUpgradeCheck = 0920;
				ORGANIZATIONNAME = "David Pevahouse";
				TargetAttributes = {
					2F1FF56F20617FBA00E4F64B = {
						CreatedOnToolsVersion = 9.2;
						ProvisioningStyle = Automatic;
					};
					2F1FF58320617FBA00E4F64B = {
						CreatedOnToolsVersion = 9.2;
						ProvisioningStyle = Automatic;
						TestTargetID = 2F1FF56F20617FBA00E4F64B;
					};
					2F1FF58E20617FBA00E4F64B = {
						CreatedOnToolsVersion = 9.2;
						ProvisioningStyle = Automatic;
						TestTargetID = 2F1FF56F20617FBA00E4F64B;
					};
				};
			};
			buildConfigurationList = 2F1FF56B20617FBA00E4F64B /* Build configuration list for PBXProject "Observations" */;
			compatibilityVersion = "Xcode 8.0";
			developmentRegion = en;
			hasScannedForEncodings = 0;
			knownRegions = (
				en,
				Base,
			);
			mainGroup = 2F1FF56720617FBA00E4F64B;
			productRefGroup = 2F1FF57120617FBA00E4F64B /* Products */;
			projectDirPath = "";
			projectRoot = "";
			targets = (
				2F1FF56F20617FBA00E4F64B /* Observations */,
				2F1FF58320617FBA00E4F64B /* ObservationsTests */,
				2F1FF58E20617FBA00E4F64B /* ObservationsUITests */,
			);
		};
/* End PBXProject section */

/* Begin PBXResourcesBuildPhase section */
		2F1FF56E20617FBA00E4F64B /* Resources */ = {
			isa = PBXResourcesBuildPhase;
			buildActionMask = 2147483647;
			files = (
				2F1FF57E20617FBA00E4F64B /* LaunchScreen.storyboard in Resources */,
				2F1FF57B20617FBA00E4F64B /* Assets.xcassets in Resources */,
				2F1FF57920617FBA00E4F64B /* Main.storyboard in Resources */,
			);
			runOnlyForDeploymentPostprocessing = 0;
		};
		2F1FF58220617FBA00E4F64B /* Resources */ = {
			isa = PBXResourcesBuildPhase;
			buildActionMask = 2147483647;
			files = (
			);
			runOnlyForDeploymentPostprocessing = 0;
		};
		2F1FF58D20617FBA00E4F64B /* Resources */ = {
			isa = PBXResourcesBuildPhase;
			buildActionMask = 2147483647;
			files = (
			);
			runOnlyForDeploymentPostprocessing = 0;
		};
/* End PBXResourcesBuildPhase section */

/* Begin PBXSourcesBuildPhase section */
		2F1FF56C20617FBA00E4F64B /* Sources */ = {
			isa = PBXSourcesBuildPhase;
			buildActionMask = 2147483647;
			files = (
				2F1FF57620617FBA00E4F64B /* ViewController.swift in Sources */,
				2F1FF5A22061849800E4F64B /* TableViewController.swift in Sources */,
				2F1FF57420617FBA00E4F64B /* AppDelegate.swift in Sources */,
			);
			runOnlyForDeploymentPostprocessing = 0;
		};
		2F1FF58020617FBA00E4F64B /* Sources */ = {
			isa = PBXSourcesBuildPhase;
			buildActionMask = 2147483647;
			files = (
				2F1FF58920617FBA00E4F64B /* ObservationsTests.swift in Sources */,
			);
			runOnlyForDeploymentPostprocessing = 0;
		};
		2F1FF58B20617FBA00E4F64B /* Sources */ = {
			isa = PBXSourcesBuildPhase;
			buildActionMask = 2147483647;
			files = (
				2F1FF59420617FBA00E4F64B /* ObservationsUITests.swift in Sources */,
			);
			runOnlyForDeploymentPostprocessing = 0;
		};
/* End PBXSourcesBuildPhase section */

/* Begin PBXTargetDependency section */
		2F1FF58620617FBA00E4F64B /* PBXTargetDependency */ = {
			isa = PBXTargetDependency;
			target = 2F1FF56F20617FBA00E4F64B /* Observations */;
			targetProxy = 2F1FF58520617FBA00E4F64B /* PBXContainerItemProxy */;
		};
		2F1FF59120617FBA00E4F64B /* PBXTargetDependency */ = {
			isa = PBXTargetDependency;
			target = 2F1FF56F20617FBA00E4F64B /* Observations */;
			targetProxy = 2F1FF59020617FBA00E4F64B /* PBXContainerItemProxy */;
		};
/* End PBXTargetDependency section */

/* Begin PBXVariantGroup section */
		2F1FF57720617FBA00E4F64B /* Main.storyboard */ = {
			isa = PBXVariantGroup;
			children = (
				2F1FF57820617FBA00E4F64B /* Base */,
			);
			name = Main.storyboard;
			sourceTree = "<group>";
		};
		2F1FF57C20617FBA00E4F64B /* LaunchScreen.storyboard */ = {
			isa = PBXVariantGroup;
			children = (
				2F1FF57D20617FBA00E4F64B /* Base */,
			);
			name = LaunchScreen.storyboard;
			sourceTree = "<group>";
		};
/* End PBXVariantGroup section */

/* Begin XCBuildConfiguration section */
		2F1FF59620617FBA00E4F64B /* Debug */ = {
			isa = XCBuildConfiguration;
			buildSettings = {
				ALWAYS_SEARCH_USER_PATHS = NO;
				CLANG_ANALYZER_NONNULL = YES;
				CLANG_ANALYZER_NUMBER_OBJECT_CONVERSION = YES_AGGRESSIVE;
				CLANG_CXX_LANGUAGE_STANDARD = "gnu++14";
				CLANG_CXX_LIBRARY = "libc++";
				CLANG_ENABLE_MODULES = YES;
				CLANG_ENABLE_OBJC_ARC = YES;
				CLANG_WARN_BLOCK_CAPTURE_AUTORELEASING = YES;
				CLANG_WARN_BOOL_CONVERSION = YES;
				CLANG_WARN_COMMA = YES;
				CLANG_WARN_CONSTANT_CONVERSION = YES;
				CLANG_WARN_DIRECT_OBJC_ISA_USAGE = YES_ERROR;
				CLANG_WARN_DOCUMENTATION_COMMENTS = YES;
				CLANG_WARN_EMPTY_BODY = YES;
				CLANG_WARN_ENUM_CONVERSION = YES;
				CLANG_WARN_INFINITE_RECURSION = YES;
				CLANG_WARN_INT_CONVERSION = YES;
				CLANG_WARN_NON_LITERAL_NULL_CONVERSION = YES;
				CLANG_WARN_OBJC_LITERAL_CONVERSION = YES;
				CLANG_WARN_OBJC_ROOT_CLASS = YES_ERROR;
				CLANG_WARN_RANGE_LOOP_ANALYSIS = YES;
				CLANG_WARN_STRICT_PROTOTYPES = YES;
				CLANG_WARN_SUSPICIOUS_MOVE = YES;
				CLANG_WARN_UNGUARDED_AVAILABILITY = YES_AGGRESSIVE;
				CLANG_WARN_UNREACHABLE_CODE = YES;
				CLANG_WARN__DUPLICATE_METHOD_MATCH = YES;
				CODE_SIGN_IDENTITY = "iPhone Developer";
				COPY_PHASE_STRIP = NO;
				DEBUG_INFORMATION_FORMAT = dwarf;
				ENABLE_STRICT_OBJC_MSGSEND = YES;
				ENABLE_TESTABILITY = YES;
				GCC_C_LANGUAGE_STANDARD = gnu11;
				GCC_DYNAMIC_NO_PIC = NO;
				GCC_NO_COMMON_BLOCKS = YES;
				GCC_OPTIMIZATION_LEVEL = 0;
				GCC_PREPROCESSOR_DEFINITIONS = (
					"DEBUG=1",
					"$(inherited)",
				);
				GCC_WARN_64_TO_32_BIT_CONVERSION = YES;
				GCC_WARN_ABOUT_RETURN_TYPE = YES_ERROR;
				GCC_WARN_UNDECLARED_SELECTOR = YES;
				GCC_WARN_UNINITIALIZED_AUTOS = YES_AGGRESSIVE;
				GCC_WARN_UNUSED_FUNCTION = YES;
				GCC_WARN_UNUSED_VARIABLE = YES;
				IPHONEOS_DEPLOYMENT_TARGET = 11.2;
				MTL_ENABLE_DEBUG_INFO = YES;
				ONLY_ACTIVE_ARCH = YES;
				SDKROOT = iphoneos;
				SWIFT_ACTIVE_COMPILATION_CONDITIONS = DEBUG;
				SWIFT_OPTIMIZATION_LEVEL = "-Onone";
			};
			name = Debug;
		};
		2F1FF59720617FBA00E4F64B /* Release */ = {
			isa = XCBuildConfiguration;
			buildSettings = {
				ALWAYS_SEARCH_USER_PATHS = NO;
				CLANG_ANALYZER_NONNULL = YES;
				CLANG_ANALYZER_NUMBER_OBJECT_CONVERSION = YES_AGGRESSIVE;
				CLANG_CXX_LANGUAGE_STANDARD = "gnu++14";
				CLANG_CXX_LIBRARY = "libc++";
				CLANG_ENABLE_MODULES = YES;
				CLANG_ENABLE_OBJC_ARC = YES;
				CLANG_WARN_BLOCK_CAPTURE_AUTORELEASING = YES;
				CLANG_WARN_BOOL_CONVERSION = YES;
				CLANG_WARN_COMMA = YES;
				CLANG_WARN_CONSTANT_CONVERSION = YES;
				CLANG_WARN_DIRECT_OBJC_ISA_USAGE = YES_ERROR;
				CLANG_WARN_DOCUMENTATION_COMMENTS = YES;
				CLANG_WARN_EMPTY_BODY = YES;
				CLANG_WARN_ENUM_CONVERSION = YES;
				CLANG_WARN_INFINITE_RECURSION = YES;
				CLANG_WARN_INT_CONVERSION = YES;
				CLANG_WARN_NON_LITERAL_NULL_CONVERSION = YES;
				CLANG_WARN_OBJC_LITERAL_CONVERSION = YES;
				CLANG_WARN_OBJC_ROOT_CLASS = YES_ERROR;
				CLANG_WARN_RANGE_LOOP_ANALYSIS = YES;
				CLANG_WARN_STRICT_PROTOTYPES = YES;
				CLANG_WARN_SUSPICIOUS_MOVE = YES;
				CLANG_WARN_UNGUARDED_AVAILABILITY = YES_AGGRESSIVE;
				CLANG_WARN_UNREACHABLE_CODE = YES;
				CLANG_WARN__DUPLICATE_METHOD_MATCH = YES;
				CODE_SIGN_IDENTITY = "iPhone Developer";
				COPY_PHASE_STRIP = NO;
				DEBUG_INFORMATION_FORMAT = "dwarf-with-dsym";
				ENABLE_NS_ASSERTIONS = NO;
				ENABLE_STRICT_OBJC_MSGSEND = YES;
				GCC_C_LANGUAGE_STANDARD = gnu11;
				GCC_NO_COMMON_BLOCKS = YES;
				GCC_WARN_64_TO_32_BIT_CONVERSION = YES;
				GCC_WARN_ABOUT_RETURN_TYPE = YES_ERROR;
				GCC_WARN_UNDECLARED_SELECTOR = YES;
				GCC_WARN_UNINITIALIZED_AUTOS = YES_AGGRESSIVE;
				GCC_WARN_UNUSED_FUNCTION = YES;
				GCC_WARN_UNUSED_VARIABLE = YES;
				IPHONEOS_DEPLOYMENT_TARGET = 11.2;
				MTL_ENABLE_DEBUG_INFO = NO;
				SDKROOT = iphoneos;
				SWIFT_OPTIMIZATION_LEVEL = "-Owholemodule";
				VALIDATE_PRODUCT = YES;
			};
			name = Release;
		};
		2F1FF59920617FBA00E4F64B /* Debug */ = {
			isa = XCBuildConfiguration;
			buildSettings = {
				ASSETCATALOG_COMPILER_APPICON_NAME = AppIcon;
				CODE_SIGN_STYLE = Automatic;
				DEVELOPMENT_TEAM = MH49J67588;
				INFOPLIST_FILE = Observations/Info.plist;
				LD_RUNPATH_SEARCH_PATHS = "$(inherited) @executable_path/Frameworks";
				PRODUCT_BUNDLE_IDENTIFIER = edu.missouri.Observations;
				PRODUCT_NAME = "$(TARGET_NAME)";
				SWIFT_VERSION = 4.0;
				TARGETED_DEVICE_FAMILY = "1,2";
			};
			name = Debug;
		};
		2F1FF59A20617FBA00E4F64B /* Release */ = {
			isa = XCBuildConfiguration;
			buildSettings = {
				ASSETCATALOG_COMPILER_APPICON_NAME = AppIcon;
				CODE_SIGN_STYLE = Automatic;
				DEVELOPMENT_TEAM = MH49J67588;
				INFOPLIST_FILE = Observations/Info.plist;
				LD_RUNPATH_SEARCH_PATHS = "$(inherited) @executable_path/Frameworks";
				PRODUCT_BUNDLE_IDENTIFIER = edu.missouri.Observations;
				PRODUCT_NAME = "$(TARGET_NAME)";
				SWIFT_VERSION = 4.0;
				TARGETED_DEVICE_FAMILY = "1,2";
			};
			name = Release;
		};
		2F1FF59C20617FBA00E4F64B /* Debug */ = {
			isa = XCBuildConfiguration;
			buildSettings = {
				ALWAYS_EMBED_SWIFT_STANDARD_LIBRARIES = YES;
				BUNDLE_LOADER = "$(TEST_HOST)";
				CODE_SIGN_STYLE = Automatic;
				DEVELOPMENT_TEAM = MH49J67588;
				INFOPLIST_FILE = ObservationsTests/Info.plist;
				LD_RUNPATH_SEARCH_PATHS = "$(inherited) @executable_path/Frameworks @loader_path/Frameworks";
				PRODUCT_BUNDLE_IDENTIFIER = edu.missouri.ObservationsTests;
				PRODUCT_NAME = "$(TARGET_NAME)";
				SWIFT_VERSION = 4.0;
				TARGETED_DEVICE_FAMILY = "1,2";
				TEST_HOST = "$(BUILT_PRODUCTS_DIR)/Observations.app/Observations";
			};
			name = Debug;
		};
		2F1FF59D20617FBA00E4F64B /* Release */ = {
			isa = XCBuildConfiguration;
			buildSettings = {
				ALWAYS_EMBED_SWIFT_STANDARD_LIBRARIES = YES;
				BUNDLE_LOADER = "$(TEST_HOST)";
				CODE_SIGN_STYLE = Automatic;
				DEVELOPMENT_TEAM = MH49J67588;
				INFOPLIST_FILE = ObservationsTests/Info.plist;
				LD_RUNPATH_SEARCH_PATHS = "$(inherited) @executable_path/Frameworks @loader_path/Frameworks";
				PRODUCT_BUNDLE_IDENTIFIER = edu.missouri.ObservationsTests;
				PRODUCT_NAME = "$(TARGET_NAME)";
				SWIFT_VERSION = 4.0;
				TARGETED_DEVICE_FAMILY = "1,2";
				TEST_HOST = "$(BUILT_PRODUCTS_DIR)/Observations.app/Observations";
			};
			name = Release;
		};
		2F1FF59F20617FBA00E4F64B /* Debug */ = {
			isa = XCBuildConfiguration;
			buildSettings = {
				ALWAYS_EMBED_SWIFT_STANDARD_LIBRARIES = YES;
				CODE_SIGN_STYLE = Automatic;
				DEVELOPMENT_TEAM = MH49J67588;
				INFOPLIST_FILE = ObservationsUITests/Info.plist;
				LD_RUNPATH_SEARCH_PATHS = "$(inherited) @executable_path/Frameworks @loader_path/Frameworks";
				PRODUCT_BUNDLE_IDENTIFIER = edu.missouri.ObservationsUITests;
				PRODUCT_NAME = "$(TARGET_NAME)";
				SWIFT_VERSION = 4.0;
				TARGETED_DEVICE_FAMILY = "1,2";
				TEST_TARGET_NAME = Observations;
			};
			name = Debug;
		};
		2F1FF5A020617FBA00E4F64B /* Release */ = {
			isa = XCBuildConfiguration;
			buildSettings = {
				ALWAYS_EMBED_SWIFT_STANDARD_LIBRARIES = YES;
				CODE_SIGN_STYLE = Automatic;
				DEVELOPMENT_TEAM = MH49J67588;
				INFOPLIST_FILE = ObservationsUITests/Info.plist;
				LD_RUNPATH_SEARCH_PATHS = "$(inherited) @executable_path/Frameworks @loader_path/Frameworks";
				PRODUCT_BUNDLE_IDENTIFIER = edu.missouri.ObservationsUITests;
				PRODUCT_NAME = "$(TARGET_NAME)";
				SWIFT_VERSION = 4.0;
				TARGETED_DEVICE_FAMILY = "1,2";
				TEST_TARGET_NAME = Observations;
			};
			name = Release;
		};
/* End XCBuildConfiguration section */

/* Begin XCConfigurationList section */
		2F1FF56B20617FBA00E4F64B /* Build configuration list for PBXProject "Observations" */ = {
			isa = XCConfigurationList;
			buildConfigurations = (
				2F1FF59620617FBA00E4F64B /* Debug */,
				2F1FF59720617FBA00E4F64B /* Release */,
			);
			defaultConfigurationIsVisible = 0;
			defaultConfigurationName = Release;
		};
		2F1FF59820617FBA00E4F64B /* Build configuration list for PBXNativeTarget "Observations" */ = {
			isa = XCConfigurationList;
			buildConfigurations = (
				2F1FF59920617FBA00E4F64B /* Debug */,
				2F1FF59A20617FBA00E4F64B /* Release */,
			);
			defaultConfigurationIsVisible = 0;
			defaultConfigurationName = Release;
		};
		2F1FF59B20617FBA00E4F64B /* Build configuration list for PBXNativeTarget "ObservationsTests" */ = {
			isa = XCConfigurationList;
			buildConfigurations = (
				2F1FF59C20617FBA00E4F64B /* Debug */,
				2F1FF59D20617FBA00E4F64B /* Release */,
			);
			defaultConfigurationIsVisible = 0;
			defaultConfigurationName = Release;
		};
		2F1FF59E20617FBA00E4F64B /* Build configuration list for PBXNativeTarget "ObservationsUITests" */ = {
			isa = XCConfigurationList;
			buildConfigurations = (
				2F1FF59F20617FBA00E4F64B /* Debug */,
				2F1FF5A020617FBA00E4F64B /* Release */,
			);
			defaultConfigurationIsVisible = 0;
			defaultConfigurationName = Release;
		};
/* End XCConfigurationList section */
	};
	rootObject = 2F1FF56820617FBA00E4F64B /* Project object */;
}
